
Microsoft Visual Studio Solution File, Format Version 12.00
# Visual Studio 15
VisualStudioVersion = 15.0.27130.2010
MinimumVisualStudioVersion = 10.0.40219.1
Project("{FAE04EC0-301F-11D3-BF4B-00C04F79EFBC}") = "UsingTaskBasedApi", "UsingTaskBasedApi\UsingTaskBasedApi.csproj", "{77C7D3C2-3AC5-4032-ACEA-7E6DEB75EC65}"
EndProject
Project("{FAE04EC0-301F-11D3-BF4B-00C04F79EFBC}") = "SlowWeb", "SlowWeb\SlowWeb.csproj", "{EA420C56-8EFF-444E-A054-C137A89E9DFD}"
EndProject
Global
	GlobalSection(SolutionConfigurationPlatforms) = preSolution
		Debug|Any CPU = Debug|Any CPU
		Release|Any CPU = Release|Any CPU
	EndGlobalSection
	GlobalSection(ProjectConfigurationPlatforms) = postSolution
		{77C7D3C2-3AC5-4032-ACEA-7E6DEB75EC65}.Debug|Any CPU.ActiveCfg = Debug|Any CPU
		{77C7D3C2-3AC5-4032-ACEA-7E6DEB75EC65}.Debug|Any CPU.Build.0 = Debug|Any CPU
		{77C7D3C2-3AC5-4032-ACEA-7E6DEB75EC65}.Release|Any CPU.ActiveCfg = Release|Any CPU
		{77C7D3C2-3AC5-4032-ACEA-7E6DEB75EC65}.Release|Any CPU.Build.0 = Release|Any CPU
		{EA420C56-8EFF-444E-A054-C137A89E9DFD}.Debug|Any CPU.ActiveCfg = Debug|Any CPU
		{EA420C56-8EFF-444E-A054-C137A89E9DFD}.Debug|Any CPU.Build.0 = Debug|Any CPU
		{EA420C56-8EFF-444E-A054-C137A89E9DFD}.Release|Any CPU.ActiveCfg = Release|Any CPU
		{EA420C56-8EFF-444E-A054-C137A89E9DFD}.Release|Any CPU.Build.0 = Release|Any CPU
	EndGlobalSection
	GlobalSection(SolutionProperties) = preSolution
		HideSolutionNode = FALSE
	EndGlobalSection
	GlobalSection(ExtensibilityGlobals) = postSolution
		SolutionGuid = {BE44333C-088A-4F71-ADFB-7A3595B15926}
	EndGlobalSection
EndGlobal
