
Microsoft Visual Studio Solution File, Format Version 12.00
# Visual Studio 15
VisualStudioVersion = 15.0.28307.329
MinimumVisualStudioVersion = 10.0.40219.1
Project("{F2A71F9B-5D33-465A-A702-920D77279786}") = "ClickActivity", "ClickActivity\ClickActivity.fsproj", "{CDC11FEE-5DE8-4737-8D60-3F30FBC03EF4}"
EndProject
Global
	GlobalSection(SolutionConfigurationPlatforms) = preSolution
		Debug|Any CPU = Debug|Any CPU
		Release|Any CPU = Release|Any CPU
	EndGlobalSection
	GlobalSection(ProjectConfigurationPlatforms) = postSolution
		{CDC11FEE-5DE8-4737-8D60-3F30FBC03EF4}.Debug|Any CPU.ActiveCfg = Debug|Any CPU
		{CDC11FEE-5DE8-4737-8D60-3F30FBC03EF4}.Debug|Any CPU.Build.0 = Debug|Any CPU
		{CDC11FEE-5DE8-4737-8D60-3F30FBC03EF4}.Debug|Any CPU.Deploy.0 = Debug|Any CPU
		{CDC11FEE-5DE8-4737-8D60-3F30FBC03EF4}.Release|Any CPU.ActiveCfg = Release|Any CPU
		{CDC11FEE-5DE8-4737-8D60-3F30FBC03EF4}.Release|Any CPU.Build.0 = Release|Any CPU
		{CDC11FEE-5DE8-4737-8D60-3F30FBC03EF4}.Release|Any CPU.Deploy.0 = Release|Any CPU
	EndGlobalSection
	GlobalSection(SolutionProperties) = preSolution
		HideSolutionNode = FALSE
	EndGlobalSection
	GlobalSection(ExtensibilityGlobals) = postSolution
		SolutionGuid = {A9726397-F3D2-4C2F-B03C-32F19755E09E}
	EndGlobalSection
EndGlobal
